
Microsoft Visual Studio Solution File, Format Version 12.00
# Visual Studio Version 16
VisualStudioVersion = 16.0.34902.97
MinimumVisualStudioVersion = 10.0.40219.1
Project("{FAE04EC0-301F-11D3-BF4B-00C04F79EFBC}") = "AddOnFE_Facturatech", "AddOnFE_Facturatech\AddOnFE_Facturatech.csproj", "{D935C209-4220-4400-961F-05C475E6B62B}"
EndProject
Global
	GlobalSection(SolutionConfigurationPlatforms) = preSolution
		Debug|Any CPU = Debug|Any CPU
		Release|Any CPU = Release|Any CPU
	EndGlobalSection
	GlobalSection(ProjectConfigurationPlatforms) = postSolution
		{D935C209-4220-4400-961F-05C475E6B62B}.Debug|Any CPU.ActiveCfg = Debug|Any CPU
		{D935C209-4220-4400-961F-05C475E6B62B}.Debug|Any CPU.Build.0 = Debug|Any CPU
		{D935C209-4220-4400-961F-05C475E6B62B}.Release|Any CPU.ActiveCfg = Release|Any CPU
		{D935C209-4220-4400-961F-05C475E6B62B}.Release|Any CPU.Build.0 = Release|Any CPU
	EndGlobalSection
	GlobalSection(SolutionProperties) = preSolution
		HideSolutionNode = FALSE
	EndGlobalSection
	GlobalSection(ExtensibilityGlobals) = postSolution
		SolutionGuid = {C903FAB6-FF0F-4C5C-8A47-5D2A365D7B42}
	EndGlobalSection
EndGlobal
